
Microsoft Visual Studio Solution File, Format Version 12.00
# Visual Studio Version 17
VisualStudioVersion = 17.14.36623.8 d17.14
MinimumVisualStudioVersion = 10.0.40219.1
Project("{FAE04EC0-301F-11D3-BF4B-00C04F79EFBC}") = "ODIN", "ODIN\ODIN.csproj", "{E2F86016-BB10-4597-AA54-BFEB7185C24E}"
EndProject
Global
	GlobalSection(SolutionConfigurationPlatforms) = preSolution
		Debug|Any CPU = Debug|Any CPU
		Release|Any CPU = Release|Any CPU
	EndGlobalSection
	GlobalSection(ProjectConfigurationPlatforms) = postSolution
		{E2F86016-BB10-4597-AA54-BFEB7185C24E}.Debug|Any CPU.ActiveCfg = Debug|Any CPU
		{E2F86016-BB10-4597-AA54-BFEB7185C24E}.Debug|Any CPU.Build.0 = Debug|Any CPU
		{E2F86016-BB10-4597-AA54-BFEB7185C24E}.Release|Any CPU.ActiveCfg = Release|Any CPU
		{E2F86016-BB10-4597-AA54-BFEB7185C24E}.Release|Any CPU.Build.0 = Release|Any CPU
	EndGlobalSection
	GlobalSection(SolutionProperties) = preSolution
		HideSolutionNode = FALSE
	EndGlobalSection
	GlobalSection(ExtensibilityGlobals) = postSolution
		SolutionGuid = {97F294C4-E1F3-4AAC-86A6-8023E97B2C8C}
	EndGlobalSection
EndGlobal
